
Microsoft Visual Studio Solution File, Format Version 12.00
# Visual Studio Version 16
VisualStudioVersion = 16.0.32602.291
MinimumVisualStudioVersion = 10.0.40219.1
Project("{FAE04EC0-301F-11D3-BF4B-00C04F79EFBC}") = "CapaVista", "CapaVista\CapaVista.csproj", "{09533F70-8F76-44FE-AD84-30DC835A4B4D}"
EndProject
Project("{FAE04EC0-301F-11D3-BF4B-00C04F79EFBC}") = "CapaControlador", "CapaControlador\CapaControlador.csproj", "{A99A3184-C565-42BD-BAE0-6B11286043C9}"
EndProject
Project("{FAE04EC0-301F-11D3-BF4B-00C04F79EFBC}") = "CapaModelo", "CapaModelo\CapaModelo.csproj", "{571C7517-884D-4FD1-A08C-04D2C41315DF}"
EndProject
Global
	GlobalSection(SolutionConfigurationPlatforms) = preSolution
		Debug|Any CPU = Debug|Any CPU
		Release|Any CPU = Release|Any CPU
	EndGlobalSection
	GlobalSection(ProjectConfigurationPlatforms) = postSolution
		{09533F70-8F76-44FE-AD84-30DC835A4B4D}.Debug|Any CPU.ActiveCfg = Debug|Any CPU
		{09533F70-8F76-44FE-AD84-30DC835A4B4D}.Debug|Any CPU.Build.0 = Debug|Any CPU
		{09533F70-8F76-44FE-AD84-30DC835A4B4D}.Release|Any CPU.ActiveCfg = Release|Any CPU
		{09533F70-8F76-44FE-AD84-30DC835A4B4D}.Release|Any CPU.Build.0 = Release|Any CPU
		{A99A3184-C565-42BD-BAE0-6B11286043C9}.Debug|Any CPU.ActiveCfg = Debug|Any CPU
		{A99A3184-C565-42BD-BAE0-6B11286043C9}.Debug|Any CPU.Build.0 = Debug|Any CPU
		{A99A3184-C565-42BD-BAE0-6B11286043C9}.Release|Any CPU.ActiveCfg = Release|Any CPU
		{A99A3184-C565-42BD-BAE0-6B11286043C9}.Release|Any CPU.Build.0 = Release|Any CPU
		{571C7517-884D-4FD1-A08C-04D2C41315DF}.Debug|Any CPU.ActiveCfg = Debug|Any CPU
		{571C7517-884D-4FD1-A08C-04D2C41315DF}.Debug|Any CPU.Build.0 = Debug|Any CPU
		{571C7517-884D-4FD1-A08C-04D2C41315DF}.Release|Any CPU.ActiveCfg = Release|Any CPU
		{571C7517-884D-4FD1-A08C-04D2C41315DF}.Release|Any CPU.Build.0 = Release|Any CPU
	EndGlobalSection
	GlobalSection(SolutionProperties) = preSolution
		HideSolutionNode = FALSE
	EndGlobalSection
	GlobalSection(ExtensibilityGlobals) = postSolution
		SolutionGuid = {347497A4-E6DD-4F5E-96AE-4FAF60A6AE26}
	EndGlobalSection
EndGlobal
